
Microsoft Visual Studio Solution File, Format Version 12.00
# Visual Studio Version 16
VisualStudioVersion = 16.0.31019.35
MinimumVisualStudioVersion = 10.0.40219.1
Project("{FAE04EC0-301F-11D3-BF4B-00C04F79EFBC}") = "Teste", "Teste\Teste.csproj", "{1DF07435-6C2C-407B-B491-C73A9A75C578}"
EndProject
Global
	GlobalSection(SolutionConfigurationPlatforms) = preSolution
		Debug|Any CPU = Debug|Any CPU
		Release|Any CPU = Release|Any CPU
	EndGlobalSection
	GlobalSection(ProjectConfigurationPlatforms) = postSolution
		{1DF07435-6C2C-407B-B491-C73A9A75C578}.Debug|Any CPU.ActiveCfg = Debug|Any CPU
		{1DF07435-6C2C-407B-B491-C73A9A75C578}.Debug|Any CPU.Build.0 = Debug|Any CPU
		{1DF07435-6C2C-407B-B491-C73A9A75C578}.Release|Any CPU.ActiveCfg = Release|Any CPU
		{1DF07435-6C2C-407B-B491-C73A9A75C578}.Release|Any CPU.Build.0 = Release|Any CPU
	EndGlobalSection
	GlobalSection(SolutionProperties) = preSolution
		HideSolutionNode = FALSE
	EndGlobalSection
	GlobalSection(ExtensibilityGlobals) = postSolution
		SolutionGuid = {029E7A29-97F8-4F25-B673-C7CD39044F28}
	EndGlobalSection
EndGlobal
